
Microsoft Visual Studio Solution File, Format Version 12.00
# Visual Studio 15
VisualStudioVersion = 15.0.28307.572
MinimumVisualStudioVersion = 10.0.40219.1
Project("{FAE04EC0-301F-11D3-BF4B-00C04F79EFBC}") = "BookwebApidemo", "BookwebApidemo\BookwebApidemo.csproj", "{77C125CC-127B-4C4E-A78C-7F8EB300227C}"
EndProject
Project("{FAE04EC0-301F-11D3-BF4B-00C04F79EFBC}") = "BookWebApiClientDemo", "BookWebApiClientDemo\BookWebApiClientDemo.csproj", "{7CFA5DB4-74CD-41F5-B4CF-BB095AD24FCC}"
EndProject
Global
	GlobalSection(SolutionConfigurationPlatforms) = preSolution
		Debug|Any CPU = Debug|Any CPU
		Release|Any CPU = Release|Any CPU
	EndGlobalSection
	GlobalSection(ProjectConfigurationPlatforms) = postSolution
		{77C125CC-127B-4C4E-A78C-7F8EB300227C}.Debug|Any CPU.ActiveCfg = Debug|Any CPU
		{77C125CC-127B-4C4E-A78C-7F8EB300227C}.Debug|Any CPU.Build.0 = Debug|Any CPU
		{77C125CC-127B-4C4E-A78C-7F8EB300227C}.Release|Any CPU.ActiveCfg = Release|Any CPU
		{77C125CC-127B-4C4E-A78C-7F8EB300227C}.Release|Any CPU.Build.0 = Release|Any CPU
		{7CFA5DB4-74CD-41F5-B4CF-BB095AD24FCC}.Debug|Any CPU.ActiveCfg = Debug|Any CPU
		{7CFA5DB4-74CD-41F5-B4CF-BB095AD24FCC}.Debug|Any CPU.Build.0 = Debug|Any CPU
		{7CFA5DB4-74CD-41F5-B4CF-BB095AD24FCC}.Release|Any CPU.ActiveCfg = Release|Any CPU
		{7CFA5DB4-74CD-41F5-B4CF-BB095AD24FCC}.Release|Any CPU.Build.0 = Release|Any CPU
	EndGlobalSection
	GlobalSection(SolutionProperties) = preSolution
		HideSolutionNode = FALSE
	EndGlobalSection
	GlobalSection(ExtensibilityGlobals) = postSolution
		SolutionGuid = {D646ECD7-5748-4753-A223-8ABD14DED35A}
	EndGlobalSection
EndGlobal
