
Microsoft Visual Studio Solution File, Format Version 12.00
# Visual Studio 15
VisualStudioVersion = 15.0.28307.489
MinimumVisualStudioVersion = 10.0.40219.1
Project("{FAE04EC0-301F-11D3-BF4B-00C04F79EFBC}") = "Calc", "Calc.csproj", "{1E73E860-294A-4D63-9A9F-D9FEF0DC1CB0}"
EndProject
Global
	GlobalSection(SolutionConfigurationPlatforms) = preSolution
		Debug|Any CPU = Debug|Any CPU
		Release|Any CPU = Release|Any CPU
	EndGlobalSection
	GlobalSection(ProjectConfigurationPlatforms) = postSolution
		{1E73E860-294A-4D63-9A9F-D9FEF0DC1CB0}.Debug|Any CPU.ActiveCfg = Debug|Any CPU
		{1E73E860-294A-4D63-9A9F-D9FEF0DC1CB0}.Debug|Any CPU.Build.0 = Debug|Any CPU
		{1E73E860-294A-4D63-9A9F-D9FEF0DC1CB0}.Release|Any CPU.ActiveCfg = Release|Any CPU
		{1E73E860-294A-4D63-9A9F-D9FEF0DC1CB0}.Release|Any CPU.Build.0 = Release|Any CPU
	EndGlobalSection
	GlobalSection(SolutionProperties) = preSolution
		HideSolutionNode = FALSE
	EndGlobalSection
	GlobalSection(ExtensibilityGlobals) = postSolution
		SolutionGuid = {2B2BEA96-E588-4942-965C-B2DECA319901}
	EndGlobalSection
EndGlobal
