
Microsoft Visual Studio Solution File, Format Version 12.00
# Visual Studio 15
VisualStudioVersion = 15.0.28307.489
MinimumVisualStudioVersion = 10.0.40219.1
Project("{FAE04EC0-301F-11D3-BF4B-00C04F79EFBC}") = "Demo1", "Demo1.csproj", "{16F5C3C3-1684-47EE-BFE3-7B8413FA357C}"
EndProject
Project("{FAE04EC0-301F-11D3-BF4B-00C04F79EFBC}") = "OptDemo", "..\OptDemo\OptDemo.csproj", "{0F515C16-95E6-41CD-94D6-7DAF36760403}"
EndProject
Project("{FAE04EC0-301F-11D3-BF4B-00C04F79EFBC}") = "ReflectionDemo", "ReflectionDemo\ReflectionDemo.csproj", "{C7FA749E-220A-4F68-B129-6717832460FC}"
EndProject
Project("{FAE04EC0-301F-11D3-BF4B-00C04F79EFBC}") = "ReflectionClient", "ReflectionClient\ReflectionClient.csproj", "{DD4963D4-6F1A-4CB0-AE1B-68E68232D1DA}"
EndProject
Project("{FAE04EC0-301F-11D3-BF4B-00C04F79EFBC}") = "ClsStudent", "ClsStudent\ClsStudent.csproj", "{50F25C9A-20AD-40C0-B5BE-F236FDBD7139}"
EndProject
Project("{FAE04EC0-301F-11D3-BF4B-00C04F79EFBC}") = "Relectiontest", "Relectiontest\Relectiontest.csproj", "{2F2382FD-9739-4039-AEC8-7318A1825AD5}"
EndProject
Project("{FAE04EC0-301F-11D3-BF4B-00C04F79EFBC}") = "ClsCustomerdemo", "ClsCustomerdemo\ClsCustomerdemo.csproj", "{2FF37165-39FE-4EC1-9546-ED3052D86D8E}"
EndProject
Project("{FAE04EC0-301F-11D3-BF4B-00C04F79EFBC}") = "Customerdemo1", "Customerdemo1\Customerdemo1.csproj", "{5D6ADF38-0CD4-4499-9AA7-CB6A13438272}"
EndProject
Project("{FAE04EC0-301F-11D3-BF4B-00C04F79EFBC}") = "Extdemo", "Extdemo\Extdemo.csproj", "{7F409DA4-36B9-4495-AF1E-4D2138917405}"
EndProject
Global
	GlobalSection(SolutionConfigurationPlatforms) = preSolution
		Debug|Any CPU = Debug|Any CPU
		Release|Any CPU = Release|Any CPU
	EndGlobalSection
	GlobalSection(ProjectConfigurationPlatforms) = postSolution
		{16F5C3C3-1684-47EE-BFE3-7B8413FA357C}.Debug|Any CPU.ActiveCfg = Debug|Any CPU
		{16F5C3C3-1684-47EE-BFE3-7B8413FA357C}.Debug|Any CPU.Build.0 = Debug|Any CPU
		{16F5C3C3-1684-47EE-BFE3-7B8413FA357C}.Release|Any CPU.ActiveCfg = Release|Any CPU
		{16F5C3C3-1684-47EE-BFE3-7B8413FA357C}.Release|Any CPU.Build.0 = Release|Any CPU
		{0F515C16-95E6-41CD-94D6-7DAF36760403}.Debug|Any CPU.ActiveCfg = Debug|Any CPU
		{0F515C16-95E6-41CD-94D6-7DAF36760403}.Debug|Any CPU.Build.0 = Debug|Any CPU
		{0F515C16-95E6-41CD-94D6-7DAF36760403}.Release|Any CPU.ActiveCfg = Release|Any CPU
		{0F515C16-95E6-41CD-94D6-7DAF36760403}.Release|Any CPU.Build.0 = Release|Any CPU
		{C7FA749E-220A-4F68-B129-6717832460FC}.Debug|Any CPU.ActiveCfg = Debug|Any CPU
		{C7FA749E-220A-4F68-B129-6717832460FC}.Debug|Any CPU.Build.0 = Debug|Any CPU
		{C7FA749E-220A-4F68-B129-6717832460FC}.Release|Any CPU.ActiveCfg = Release|Any CPU
		{C7FA749E-220A-4F68-B129-6717832460FC}.Release|Any CPU.Build.0 = Release|Any CPU
		{DD4963D4-6F1A-4CB0-AE1B-68E68232D1DA}.Debug|Any CPU.ActiveCfg = Debug|Any CPU
		{DD4963D4-6F1A-4CB0-AE1B-68E68232D1DA}.Debug|Any CPU.Build.0 = Debug|Any CPU
		{DD4963D4-6F1A-4CB0-AE1B-68E68232D1DA}.Release|Any CPU.ActiveCfg = Release|Any CPU
		{DD4963D4-6F1A-4CB0-AE1B-68E68232D1DA}.Release|Any CPU.Build.0 = Release|Any CPU
		{50F25C9A-20AD-40C0-B5BE-F236FDBD7139}.Debug|Any CPU.ActiveCfg = Debug|Any CPU
		{50F25C9A-20AD-40C0-B5BE-F236FDBD7139}.Debug|Any CPU.Build.0 = Debug|Any CPU
		{50F25C9A-20AD-40C0-B5BE-F236FDBD7139}.Release|Any CPU.ActiveCfg = Release|Any CPU
		{50F25C9A-20AD-40C0-B5BE-F236FDBD7139}.Release|Any CPU.Build.0 = Release|Any CPU
		{2F2382FD-9739-4039-AEC8-7318A1825AD5}.Debug|Any CPU.ActiveCfg = Debug|Any CPU
		{2F2382FD-9739-4039-AEC8-7318A1825AD5}.Debug|Any CPU.Build.0 = Debug|Any CPU
		{2F2382FD-9739-4039-AEC8-7318A1825AD5}.Release|Any CPU.ActiveCfg = Release|Any CPU
		{2F2382FD-9739-4039-AEC8-7318A1825AD5}.Release|Any CPU.Build.0 = Release|Any CPU
		{2FF37165-39FE-4EC1-9546-ED3052D86D8E}.Debug|Any CPU.ActiveCfg = Debug|Any CPU
		{2FF37165-39FE-4EC1-9546-ED3052D86D8E}.Debug|Any CPU.Build.0 = Debug|Any CPU
		{2FF37165-39FE-4EC1-9546-ED3052D86D8E}.Release|Any CPU.ActiveCfg = Release|Any CPU
		{2FF37165-39FE-4EC1-9546-ED3052D86D8E}.Release|Any CPU.Build.0 = Release|Any CPU
		{5D6ADF38-0CD4-4499-9AA7-CB6A13438272}.Debug|Any CPU.ActiveCfg = Debug|Any CPU
		{5D6ADF38-0CD4-4499-9AA7-CB6A13438272}.Debug|Any CPU.Build.0 = Debug|Any CPU
		{5D6ADF38-0CD4-4499-9AA7-CB6A13438272}.Release|Any CPU.ActiveCfg = Release|Any CPU
		{5D6ADF38-0CD4-4499-9AA7-CB6A13438272}.Release|Any CPU.Build.0 = Release|Any CPU
		{7F409DA4-36B9-4495-AF1E-4D2138917405}.Debug|Any CPU.ActiveCfg = Debug|Any CPU
		{7F409DA4-36B9-4495-AF1E-4D2138917405}.Debug|Any CPU.Build.0 = Debug|Any CPU
		{7F409DA4-36B9-4495-AF1E-4D2138917405}.Release|Any CPU.ActiveCfg = Release|Any CPU
		{7F409DA4-36B9-4495-AF1E-4D2138917405}.Release|Any CPU.Build.0 = Release|Any CPU
	EndGlobalSection
	GlobalSection(SolutionProperties) = preSolution
		HideSolutionNode = FALSE
	EndGlobalSection
	GlobalSection(ExtensibilityGlobals) = postSolution
		SolutionGuid = {38D83B16-8BD4-424F-BA6C-DFDC0B1C5CBD}
	EndGlobalSection
EndGlobal
