
Microsoft Visual Studio Solution File, Format Version 12.00
# Visual Studio 15
VisualStudioVersion = 15.0.28307.489
MinimumVisualStudioVersion = 10.0.40219.1
Project("{FAE04EC0-301F-11D3-BF4B-00C04F79EFBC}") = "Wpfdatabinding", "Wpfdatabinding.csproj", "{5355E186-D750-42CC-96E7-7BE0E5C9C701}"
EndProject
Global
	GlobalSection(SolutionConfigurationPlatforms) = preSolution
		Debug|Any CPU = Debug|Any CPU
		Release|Any CPU = Release|Any CPU
	EndGlobalSection
	GlobalSection(ProjectConfigurationPlatforms) = postSolution
		{5355E186-D750-42CC-96E7-7BE0E5C9C701}.Debug|Any CPU.ActiveCfg = Debug|Any CPU
		{5355E186-D750-42CC-96E7-7BE0E5C9C701}.Debug|Any CPU.Build.0 = Debug|Any CPU
		{5355E186-D750-42CC-96E7-7BE0E5C9C701}.Release|Any CPU.ActiveCfg = Release|Any CPU
		{5355E186-D750-42CC-96E7-7BE0E5C9C701}.Release|Any CPU.Build.0 = Release|Any CPU
	EndGlobalSection
	GlobalSection(SolutionProperties) = preSolution
		HideSolutionNode = FALSE
	EndGlobalSection
	GlobalSection(ExtensibilityGlobals) = postSolution
		SolutionGuid = {1052A591-EAA3-42CB-B5E0-E1E0C5D732AF}
	EndGlobalSection
EndGlobal
