
Microsoft Visual Studio Solution File, Format Version 12.00
# Visual Studio 15
VisualStudioVersion = 15.0.28307.489
MinimumVisualStudioVersion = 10.0.40219.1
Project("{FAE04EC0-301F-11D3-BF4B-00C04F79EFBC}") = "Attr1", "Attr1.csproj", "{D772D0CA-2DC9-4F23-B044-457A6184BF2A}"
EndProject
Global
	GlobalSection(SolutionConfigurationPlatforms) = preSolution
		Debug|Any CPU = Debug|Any CPU
		Release|Any CPU = Release|Any CPU
	EndGlobalSection
	GlobalSection(ProjectConfigurationPlatforms) = postSolution
		{D772D0CA-2DC9-4F23-B044-457A6184BF2A}.Debug|Any CPU.ActiveCfg = Debug|Any CPU
		{D772D0CA-2DC9-4F23-B044-457A6184BF2A}.Debug|Any CPU.Build.0 = Debug|Any CPU
		{D772D0CA-2DC9-4F23-B044-457A6184BF2A}.Release|Any CPU.ActiveCfg = Release|Any CPU
		{D772D0CA-2DC9-4F23-B044-457A6184BF2A}.Release|Any CPU.Build.0 = Release|Any CPU
	EndGlobalSection
	GlobalSection(SolutionProperties) = preSolution
		HideSolutionNode = FALSE
	EndGlobalSection
	GlobalSection(ExtensibilityGlobals) = postSolution
		SolutionGuid = {7431221E-8053-4E68-AE00-8965BD18A221}
	EndGlobalSection
EndGlobal
