
Microsoft Visual Studio Solution File, Format Version 12.00
# Visual Studio 15
VisualStudioVersion = 15.0.28307.572
MinimumVisualStudioVersion = 10.0.40219.1
Project("{FAE04EC0-301F-11D3-BF4B-00C04F79EFBC}") = "MCVDemo2", "MCVDemo2\MCVDemo2.csproj", "{B417CD0A-BB87-4AC1-8D70-05B2A14542BB}"
EndProject
Global
	GlobalSection(SolutionConfigurationPlatforms) = preSolution
		Debug|Any CPU = Debug|Any CPU
		Release|Any CPU = Release|Any CPU
	EndGlobalSection
	GlobalSection(ProjectConfigurationPlatforms) = postSolution
		{B417CD0A-BB87-4AC1-8D70-05B2A14542BB}.Debug|Any CPU.ActiveCfg = Debug|Any CPU
		{B417CD0A-BB87-4AC1-8D70-05B2A14542BB}.Debug|Any CPU.Build.0 = Debug|Any CPU
		{B417CD0A-BB87-4AC1-8D70-05B2A14542BB}.Release|Any CPU.ActiveCfg = Release|Any CPU
		{B417CD0A-BB87-4AC1-8D70-05B2A14542BB}.Release|Any CPU.Build.0 = Release|Any CPU
	EndGlobalSection
	GlobalSection(SolutionProperties) = preSolution
		HideSolutionNode = FALSE
	EndGlobalSection
	GlobalSection(ExtensibilityGlobals) = postSolution
		SolutionGuid = {2F94356B-28BF-48DF-B469-941916C8C4CB}
	EndGlobalSection
EndGlobal
