
Microsoft Visual Studio Solution File, Format Version 12.00
# Visual Studio 15
VisualStudioVersion = 15.0.28307.572
MinimumVisualStudioVersion = 10.0.40219.1
Project("{FAE04EC0-301F-11D3-BF4B-00C04F79EFBC}") = "WebApplication1", "WebApplication1\WebApplication1.csproj", "{4D708C90-A1DD-4ADB-8D24-748551817047}"
EndProject
Project("{FAE04EC0-301F-11D3-BF4B-00C04F79EFBC}") = "ApiClientDemo", "..\ApiClientDemo\ApiClientDemo.csproj", "{970E0C69-F5AA-4051-9F5B-77B412535A5F}"
EndProject
Project("{FAE04EC0-301F-11D3-BF4B-00C04F79EFBC}") = "Contact", "Contact\Contact.csproj", "{0C950FB3-38BD-4FBC-8069-E9A520BCB3C9}"
EndProject
Project("{FAE04EC0-301F-11D3-BF4B-00C04F79EFBC}") = "Contact1", "Contact1\Contact1.csproj", "{759108E7-0303-4F15-B44A-B29E0C617DE5}"
EndProject
Global
	GlobalSection(SolutionConfigurationPlatforms) = preSolution
		Debug|Any CPU = Debug|Any CPU
		Release|Any CPU = Release|Any CPU
	EndGlobalSection
	GlobalSection(ProjectConfigurationPlatforms) = postSolution
		{4D708C90-A1DD-4ADB-8D24-748551817047}.Debug|Any CPU.ActiveCfg = Debug|Any CPU
		{4D708C90-A1DD-4ADB-8D24-748551817047}.Debug|Any CPU.Build.0 = Debug|Any CPU
		{4D708C90-A1DD-4ADB-8D24-748551817047}.Release|Any CPU.ActiveCfg = Release|Any CPU
		{4D708C90-A1DD-4ADB-8D24-748551817047}.Release|Any CPU.Build.0 = Release|Any CPU
		{970E0C69-F5AA-4051-9F5B-77B412535A5F}.Debug|Any CPU.ActiveCfg = Debug|Any CPU
		{970E0C69-F5AA-4051-9F5B-77B412535A5F}.Debug|Any CPU.Build.0 = Debug|Any CPU
		{970E0C69-F5AA-4051-9F5B-77B412535A5F}.Release|Any CPU.ActiveCfg = Release|Any CPU
		{970E0C69-F5AA-4051-9F5B-77B412535A5F}.Release|Any CPU.Build.0 = Release|Any CPU
		{0C950FB3-38BD-4FBC-8069-E9A520BCB3C9}.Debug|Any CPU.ActiveCfg = Debug|Any CPU
		{0C950FB3-38BD-4FBC-8069-E9A520BCB3C9}.Debug|Any CPU.Build.0 = Debug|Any CPU
		{0C950FB3-38BD-4FBC-8069-E9A520BCB3C9}.Release|Any CPU.ActiveCfg = Release|Any CPU
		{0C950FB3-38BD-4FBC-8069-E9A520BCB3C9}.Release|Any CPU.Build.0 = Release|Any CPU
		{759108E7-0303-4F15-B44A-B29E0C617DE5}.Debug|Any CPU.ActiveCfg = Debug|Any CPU
		{759108E7-0303-4F15-B44A-B29E0C617DE5}.Debug|Any CPU.Build.0 = Debug|Any CPU
		{759108E7-0303-4F15-B44A-B29E0C617DE5}.Release|Any CPU.ActiveCfg = Release|Any CPU
		{759108E7-0303-4F15-B44A-B29E0C617DE5}.Release|Any CPU.Build.0 = Release|Any CPU
	EndGlobalSection
	GlobalSection(SolutionProperties) = preSolution
		HideSolutionNode = FALSE
	EndGlobalSection
	GlobalSection(ExtensibilityGlobals) = postSolution
		SolutionGuid = {7C9E2377-279E-413B-A2F5-6702357957C6}
	EndGlobalSection
EndGlobal
