
Microsoft Visual Studio Solution File, Format Version 12.00
# Visual Studio 15
VisualStudioVersion = 15.0.28307.572
MinimumVisualStudioVersion = 10.0.40219.1
Project("{FAE04EC0-301F-11D3-BF4B-00C04F79EFBC}") = "WebApiBookDemo", "WebApiBookDemo\WebApiBookDemo.csproj", "{EB2DDBD4-96A0-47EB-956A-582DB496D522}"
EndProject
Global
	GlobalSection(SolutionConfigurationPlatforms) = preSolution
		Debug|Any CPU = Debug|Any CPU
		Release|Any CPU = Release|Any CPU
	EndGlobalSection
	GlobalSection(ProjectConfigurationPlatforms) = postSolution
		{EB2DDBD4-96A0-47EB-956A-582DB496D522}.Debug|Any CPU.ActiveCfg = Debug|Any CPU
		{EB2DDBD4-96A0-47EB-956A-582DB496D522}.Debug|Any CPU.Build.0 = Debug|Any CPU
		{EB2DDBD4-96A0-47EB-956A-582DB496D522}.Release|Any CPU.ActiveCfg = Release|Any CPU
		{EB2DDBD4-96A0-47EB-956A-582DB496D522}.Release|Any CPU.Build.0 = Release|Any CPU
	EndGlobalSection
	GlobalSection(SolutionProperties) = preSolution
		HideSolutionNode = FALSE
	EndGlobalSection
	GlobalSection(ExtensibilityGlobals) = postSolution
		SolutionGuid = {8789BC65-7CA5-4912-A9E3-80AE183D2E2B}
	EndGlobalSection
EndGlobal
