
Microsoft Visual Studio Solution File, Format Version 12.00
# Visual Studio 15
VisualStudioVersion = 15.0.28307.572
MinimumVisualStudioVersion = 10.0.40219.1
Project("{FAE04EC0-301F-11D3-BF4B-00C04F79EFBC}") = "MvcDemo2", "MvcDemo2\MvcDemo2.csproj", "{BB9DA0B6-7AE2-44ED-9ADF-F8D0DDE15BE9}"
EndProject
Global
	GlobalSection(SolutionConfigurationPlatforms) = preSolution
		Debug|Any CPU = Debug|Any CPU
		Release|Any CPU = Release|Any CPU
	EndGlobalSection
	GlobalSection(ProjectConfigurationPlatforms) = postSolution
		{BB9DA0B6-7AE2-44ED-9ADF-F8D0DDE15BE9}.Debug|Any CPU.ActiveCfg = Debug|Any CPU
		{BB9DA0B6-7AE2-44ED-9ADF-F8D0DDE15BE9}.Debug|Any CPU.Build.0 = Debug|Any CPU
		{BB9DA0B6-7AE2-44ED-9ADF-F8D0DDE15BE9}.Release|Any CPU.ActiveCfg = Release|Any CPU
		{BB9DA0B6-7AE2-44ED-9ADF-F8D0DDE15BE9}.Release|Any CPU.Build.0 = Release|Any CPU
	EndGlobalSection
	GlobalSection(SolutionProperties) = preSolution
		HideSolutionNode = FALSE
	EndGlobalSection
	GlobalSection(ExtensibilityGlobals) = postSolution
		SolutionGuid = {512B2A02-EF67-4E6B-9086-B02EB42EFADE}
	EndGlobalSection
EndGlobal
