
Microsoft Visual Studio Solution File, Format Version 12.00
# Visual Studio 15
VisualStudioVersion = 15.0.28307.489
MinimumVisualStudioVersion = 10.0.40219.1
Project("{FAE04EC0-301F-11D3-BF4B-00C04F79EFBC}") = "AdoStoredProcedures", "AdoStoredProcedures.csproj", "{FD8B606E-3085-44E6-A80B-529682BD8CA1}"
EndProject
Global
	GlobalSection(SolutionConfigurationPlatforms) = preSolution
		Debug|Any CPU = Debug|Any CPU
		Release|Any CPU = Release|Any CPU
	EndGlobalSection
	GlobalSection(ProjectConfigurationPlatforms) = postSolution
		{FD8B606E-3085-44E6-A80B-529682BD8CA1}.Debug|Any CPU.ActiveCfg = Debug|Any CPU
		{FD8B606E-3085-44E6-A80B-529682BD8CA1}.Debug|Any CPU.Build.0 = Debug|Any CPU
		{FD8B606E-3085-44E6-A80B-529682BD8CA1}.Release|Any CPU.ActiveCfg = Release|Any CPU
		{FD8B606E-3085-44E6-A80B-529682BD8CA1}.Release|Any CPU.Build.0 = Release|Any CPU
	EndGlobalSection
	GlobalSection(SolutionProperties) = preSolution
		HideSolutionNode = FALSE
	EndGlobalSection
	GlobalSection(ExtensibilityGlobals) = postSolution
		SolutionGuid = {CC2B317B-2D40-4061-9D12-10B2FD3DB3D2}
	EndGlobalSection
EndGlobal
