
Microsoft Visual Studio Solution File, Format Version 12.00
# Visual Studio 15
VisualStudioVersion = 15.0.28307.489
MinimumVisualStudioVersion = 10.0.40219.1
Project("{FAE04EC0-301F-11D3-BF4B-00C04F79EFBC}") = "ConsoleApp1", "ConsoleApp1.csproj", "{16C431D5-5944-463F-BEC7-52AD6F50876E}"
EndProject
Global
	GlobalSection(SolutionConfigurationPlatforms) = preSolution
		Debug|Any CPU = Debug|Any CPU
		Release|Any CPU = Release|Any CPU
	EndGlobalSection
	GlobalSection(ProjectConfigurationPlatforms) = postSolution
		{16C431D5-5944-463F-BEC7-52AD6F50876E}.Debug|Any CPU.ActiveCfg = Debug|Any CPU
		{16C431D5-5944-463F-BEC7-52AD6F50876E}.Debug|Any CPU.Build.0 = Debug|Any CPU
		{16C431D5-5944-463F-BEC7-52AD6F50876E}.Release|Any CPU.ActiveCfg = Release|Any CPU
		{16C431D5-5944-463F-BEC7-52AD6F50876E}.Release|Any CPU.Build.0 = Release|Any CPU
	EndGlobalSection
	GlobalSection(SolutionProperties) = preSolution
		HideSolutionNode = FALSE
	EndGlobalSection
	GlobalSection(ExtensibilityGlobals) = postSolution
		SolutionGuid = {EAE10DCC-B5FF-46E7-93F0-3D25A91BB700}
	EndGlobalSection
EndGlobal
