
Microsoft Visual Studio Solution File, Format Version 12.00
# Visual Studio 15
VisualStudioVersion = 15.0.28307.572
MinimumVisualStudioVersion = 10.0.40219.1
Project("{FAE04EC0-301F-11D3-BF4B-00C04F79EFBC}") = "WCFEmpService1", "WCFEmpService1.csproj", "{EBB73636-0CCA-438C-A754-F0396F31008E}"
EndProject
Project("{FAE04EC0-301F-11D3-BF4B-00C04F79EFBC}") = "EmpClientDemo", "..\EmpClientDemo\EmpClientDemo.csproj", "{13DB920B-8634-4D72-9C34-A401D19D79AE}"
	ProjectSection(ProjectDependencies) = postProject
		{EBB73636-0CCA-438C-A754-F0396F31008E} = {EBB73636-0CCA-438C-A754-F0396F31008E}
	EndProjectSection
EndProject
Global
	GlobalSection(SolutionConfigurationPlatforms) = preSolution
		Debug|Any CPU = Debug|Any CPU
		Release|Any CPU = Release|Any CPU
	EndGlobalSection
	GlobalSection(ProjectConfigurationPlatforms) = postSolution
		{EBB73636-0CCA-438C-A754-F0396F31008E}.Debug|Any CPU.ActiveCfg = Debug|Any CPU
		{EBB73636-0CCA-438C-A754-F0396F31008E}.Debug|Any CPU.Build.0 = Debug|Any CPU
		{EBB73636-0CCA-438C-A754-F0396F31008E}.Release|Any CPU.ActiveCfg = Release|Any CPU
		{EBB73636-0CCA-438C-A754-F0396F31008E}.Release|Any CPU.Build.0 = Release|Any CPU
		{13DB920B-8634-4D72-9C34-A401D19D79AE}.Debug|Any CPU.ActiveCfg = Debug|Any CPU
		{13DB920B-8634-4D72-9C34-A401D19D79AE}.Debug|Any CPU.Build.0 = Debug|Any CPU
		{13DB920B-8634-4D72-9C34-A401D19D79AE}.Release|Any CPU.ActiveCfg = Release|Any CPU
		{13DB920B-8634-4D72-9C34-A401D19D79AE}.Release|Any CPU.Build.0 = Release|Any CPU
	EndGlobalSection
	GlobalSection(SolutionProperties) = preSolution
		HideSolutionNode = FALSE
	EndGlobalSection
	GlobalSection(ExtensibilityGlobals) = postSolution
		SolutionGuid = {51F65566-987E-4619-8A8C-FDD72425DCD0}
	EndGlobalSection
EndGlobal
