
Microsoft Visual Studio Solution File, Format Version 12.00
# Visual Studio 15
VisualStudioVersion = 15.0.28307.489
MinimumVisualStudioVersion = 10.0.40219.1
Project("{FAE04EC0-301F-11D3-BF4B-00C04F79EFBC}") = "EmployeeLibrary", "EmployeeLibrary.csproj", "{845ACC90-201F-43B5-A598-3F7B30BC89E2}"
EndProject
Project("{FAE04EC0-301F-11D3-BF4B-00C04F79EFBC}") = "Labrecord4", "..\Labrecord4\Labrecord4.csproj", "{48234928-CC55-480E-A7DC-7CB50F46AF7C}"
EndProject
Project("{FAE04EC0-301F-11D3-BF4B-00C04F79EFBC}") = "ShapeDemo", "ShapeDemo\ShapeDemo.csproj", "{07825C64-7D48-4E2D-9A6C-C9CF7DF70A6B}"
EndProject
Global
	GlobalSection(SolutionConfigurationPlatforms) = preSolution
		Debug|Any CPU = Debug|Any CPU
		Release|Any CPU = Release|Any CPU
	EndGlobalSection
	GlobalSection(ProjectConfigurationPlatforms) = postSolution
		{845ACC90-201F-43B5-A598-3F7B30BC89E2}.Debug|Any CPU.ActiveCfg = Debug|Any CPU
		{845ACC90-201F-43B5-A598-3F7B30BC89E2}.Debug|Any CPU.Build.0 = Debug|Any CPU
		{845ACC90-201F-43B5-A598-3F7B30BC89E2}.Release|Any CPU.ActiveCfg = Release|Any CPU
		{845ACC90-201F-43B5-A598-3F7B30BC89E2}.Release|Any CPU.Build.0 = Release|Any CPU
		{48234928-CC55-480E-A7DC-7CB50F46AF7C}.Debug|Any CPU.ActiveCfg = Debug|Any CPU
		{48234928-CC55-480E-A7DC-7CB50F46AF7C}.Debug|Any CPU.Build.0 = Debug|Any CPU
		{48234928-CC55-480E-A7DC-7CB50F46AF7C}.Release|Any CPU.ActiveCfg = Release|Any CPU
		{48234928-CC55-480E-A7DC-7CB50F46AF7C}.Release|Any CPU.Build.0 = Release|Any CPU
		{07825C64-7D48-4E2D-9A6C-C9CF7DF70A6B}.Debug|Any CPU.ActiveCfg = Debug|Any CPU
		{07825C64-7D48-4E2D-9A6C-C9CF7DF70A6B}.Debug|Any CPU.Build.0 = Debug|Any CPU
		{07825C64-7D48-4E2D-9A6C-C9CF7DF70A6B}.Release|Any CPU.ActiveCfg = Release|Any CPU
		{07825C64-7D48-4E2D-9A6C-C9CF7DF70A6B}.Release|Any CPU.Build.0 = Release|Any CPU
	EndGlobalSection
	GlobalSection(SolutionProperties) = preSolution
		HideSolutionNode = FALSE
	EndGlobalSection
	GlobalSection(ExtensibilityGlobals) = postSolution
		SolutionGuid = {C26E9DF3-AF2D-423D-AF50-9F298FEE03F7}
	EndGlobalSection
EndGlobal
