
Microsoft Visual Studio Solution File, Format Version 12.00
# Visual Studio 15
VisualStudioVersion = 15.0.28307.539
MinimumVisualStudioVersion = 10.0.40219.1
Project("{FAE04EC0-301F-11D3-BF4B-00C04F79EFBC}") = "RelationalDemoForm", "RelationalDemoForm.csproj", "{C4EE59C8-F865-4D3B-8FB7-47CA013D9605}"
EndProject
Global
	GlobalSection(SolutionConfigurationPlatforms) = preSolution
		Debug|Any CPU = Debug|Any CPU
		Release|Any CPU = Release|Any CPU
	EndGlobalSection
	GlobalSection(ProjectConfigurationPlatforms) = postSolution
		{C4EE59C8-F865-4D3B-8FB7-47CA013D9605}.Debug|Any CPU.ActiveCfg = Debug|Any CPU
		{C4EE59C8-F865-4D3B-8FB7-47CA013D9605}.Debug|Any CPU.Build.0 = Debug|Any CPU
		{C4EE59C8-F865-4D3B-8FB7-47CA013D9605}.Release|Any CPU.ActiveCfg = Release|Any CPU
		{C4EE59C8-F865-4D3B-8FB7-47CA013D9605}.Release|Any CPU.Build.0 = Release|Any CPU
	EndGlobalSection
	GlobalSection(SolutionProperties) = preSolution
		HideSolutionNode = FALSE
	EndGlobalSection
	GlobalSection(ExtensibilityGlobals) = postSolution
		SolutionGuid = {41F07FAB-E7D2-409C-86E7-068DE696AEA0}
	EndGlobalSection
EndGlobal
