
Microsoft Visual Studio Solution File, Format Version 12.00
# Visual Studio 15
VisualStudioVersion = 15.0.28307.489
MinimumVisualStudioVersion = 10.0.40219.1
Project("{FAE04EC0-301F-11D3-BF4B-00C04F79EFBC}") = "ABCprivateLibrary", "ABCprivateLibrary.csproj", "{F982EF8E-3889-4DE4-9154-151E8654B00F}"
EndProject
Project("{FAE04EC0-301F-11D3-BF4B-00C04F79EFBC}") = "ConsoleApp1", "..\ConsoleApp1\ConsoleApp1.csproj", "{A0462697-4D3E-40D9-BEF0-B4B4CD19B5FE}"
EndProject
Global
	GlobalSection(SolutionConfigurationPlatforms) = preSolution
		Debug|Any CPU = Debug|Any CPU
		Release|Any CPU = Release|Any CPU
	EndGlobalSection
	GlobalSection(ProjectConfigurationPlatforms) = postSolution
		{F982EF8E-3889-4DE4-9154-151E8654B00F}.Debug|Any CPU.ActiveCfg = Debug|Any CPU
		{F982EF8E-3889-4DE4-9154-151E8654B00F}.Debug|Any CPU.Build.0 = Debug|Any CPU
		{F982EF8E-3889-4DE4-9154-151E8654B00F}.Release|Any CPU.ActiveCfg = Release|Any CPU
		{F982EF8E-3889-4DE4-9154-151E8654B00F}.Release|Any CPU.Build.0 = Release|Any CPU
		{A0462697-4D3E-40D9-BEF0-B4B4CD19B5FE}.Debug|Any CPU.ActiveCfg = Debug|Any CPU
		{A0462697-4D3E-40D9-BEF0-B4B4CD19B5FE}.Debug|Any CPU.Build.0 = Debug|Any CPU
		{A0462697-4D3E-40D9-BEF0-B4B4CD19B5FE}.Release|Any CPU.ActiveCfg = Release|Any CPU
		{A0462697-4D3E-40D9-BEF0-B4B4CD19B5FE}.Release|Any CPU.Build.0 = Release|Any CPU
	EndGlobalSection
	GlobalSection(SolutionProperties) = preSolution
		HideSolutionNode = FALSE
	EndGlobalSection
	GlobalSection(ExtensibilityGlobals) = postSolution
		SolutionGuid = {AD8FAD0E-AE7D-4160-88F0-0AAECCF073C0}
	EndGlobalSection
EndGlobal
