
Microsoft Visual Studio Solution File, Format Version 12.00
# Visual Studio 15
VisualStudioVersion = 15.0.28307.489
MinimumVisualStudioVersion = 10.0.40219.1
Project("{FAE04EC0-301F-11D3-BF4B-00C04F79EFBC}") = "Productdetails", "Productdetails.csproj", "{58645595-1185-4CD6-9F5C-3D12AD86A31F}"
EndProject
Global
	GlobalSection(SolutionConfigurationPlatforms) = preSolution
		Debug|Any CPU = Debug|Any CPU
		Release|Any CPU = Release|Any CPU
	EndGlobalSection
	GlobalSection(ProjectConfigurationPlatforms) = postSolution
		{58645595-1185-4CD6-9F5C-3D12AD86A31F}.Debug|Any CPU.ActiveCfg = Debug|Any CPU
		{58645595-1185-4CD6-9F5C-3D12AD86A31F}.Debug|Any CPU.Build.0 = Debug|Any CPU
		{58645595-1185-4CD6-9F5C-3D12AD86A31F}.Release|Any CPU.ActiveCfg = Release|Any CPU
		{58645595-1185-4CD6-9F5C-3D12AD86A31F}.Release|Any CPU.Build.0 = Release|Any CPU
	EndGlobalSection
	GlobalSection(SolutionProperties) = preSolution
		HideSolutionNode = FALSE
	EndGlobalSection
	GlobalSection(ExtensibilityGlobals) = postSolution
		SolutionGuid = {6551D926-A044-44B7-8806-3F1773246078}
	EndGlobalSection
EndGlobal
