
Microsoft Visual Studio Solution File, Format Version 12.00
# Visual Studio 15
VisualStudioVersion = 15.0.28307.489
MinimumVisualStudioVersion = 10.0.40219.1
Project("{FAE04EC0-301F-11D3-BF4B-00C04F79EFBC}") = "BAnkLibrary", "BAnkLibrary.csproj", "{5ED9A74C-B3E4-4146-B8CA-CEFFA2B75AE0}"
EndProject
Project("{FAE04EC0-301F-11D3-BF4B-00C04F79EFBC}") = "Labrecordday5", "..\Labrecordday5\Labrecordday5.csproj", "{F4E74538-B610-425F-9B4C-AEB7E768E809}"
EndProject
Global
	GlobalSection(SolutionConfigurationPlatforms) = preSolution
		Debug|Any CPU = Debug|Any CPU
		Release|Any CPU = Release|Any CPU
	EndGlobalSection
	GlobalSection(ProjectConfigurationPlatforms) = postSolution
		{5ED9A74C-B3E4-4146-B8CA-CEFFA2B75AE0}.Debug|Any CPU.ActiveCfg = Debug|Any CPU
		{5ED9A74C-B3E4-4146-B8CA-CEFFA2B75AE0}.Debug|Any CPU.Build.0 = Debug|Any CPU
		{5ED9A74C-B3E4-4146-B8CA-CEFFA2B75AE0}.Release|Any CPU.ActiveCfg = Release|Any CPU
		{5ED9A74C-B3E4-4146-B8CA-CEFFA2B75AE0}.Release|Any CPU.Build.0 = Release|Any CPU
		{F4E74538-B610-425F-9B4C-AEB7E768E809}.Debug|Any CPU.ActiveCfg = Debug|Any CPU
		{F4E74538-B610-425F-9B4C-AEB7E768E809}.Debug|Any CPU.Build.0 = Debug|Any CPU
		{F4E74538-B610-425F-9B4C-AEB7E768E809}.Release|Any CPU.ActiveCfg = Release|Any CPU
		{F4E74538-B610-425F-9B4C-AEB7E768E809}.Release|Any CPU.Build.0 = Release|Any CPU
	EndGlobalSection
	GlobalSection(SolutionProperties) = preSolution
		HideSolutionNode = FALSE
	EndGlobalSection
	GlobalSection(ExtensibilityGlobals) = postSolution
		SolutionGuid = {059C9E81-CCA5-4264-B024-C87E2F6D8410}
	EndGlobalSection
EndGlobal
