
Microsoft Visual Studio Solution File, Format Version 12.00
# Visual Studio 15
VisualStudioVersion = 15.0.28307.489
MinimumVisualStudioVersion = 10.0.40219.1
Project("{FAE04EC0-301F-11D3-BF4B-00C04F79EFBC}") = "DelegateDemo", "DelegateDemo.csproj", "{115993DF-4F27-461A-B955-2E0EE9CEB6BF}"
EndProject
Project("{FAE04EC0-301F-11D3-BF4B-00C04F79EFBC}") = "Delegae2", "..\Delegae2\Delegae2.csproj", "{D6E27CEB-84C9-453E-84FC-9E0755AA33E9}"
EndProject
Project("{FAE04EC0-301F-11D3-BF4B-00C04F79EFBC}") = "MulticastDelegate", "MulticastDelegate\MulticastDelegate.csproj", "{0D0082E3-8184-469D-8624-DA84FA908CBC}"
EndProject
Project("{FAE04EC0-301F-11D3-BF4B-00C04F79EFBC}") = "TestMulti", "TestMulti\TestMulti.csproj", "{D225B593-B6FA-40A9-BC18-3BE14689207E}"
EndProject
Project("{FAE04EC0-301F-11D3-BF4B-00C04F79EFBC}") = "EventDemo", "..\EventDemo\EventDemo.csproj", "{712C4641-9C41-4AC9-88B0-DA192898BEFC}"
EndProject
Global
	GlobalSection(SolutionConfigurationPlatforms) = preSolution
		Debug|Any CPU = Debug|Any CPU
		Release|Any CPU = Release|Any CPU
	EndGlobalSection
	GlobalSection(ProjectConfigurationPlatforms) = postSolution
		{115993DF-4F27-461A-B955-2E0EE9CEB6BF}.Debug|Any CPU.ActiveCfg = Debug|Any CPU
		{115993DF-4F27-461A-B955-2E0EE9CEB6BF}.Debug|Any CPU.Build.0 = Debug|Any CPU
		{115993DF-4F27-461A-B955-2E0EE9CEB6BF}.Release|Any CPU.ActiveCfg = Release|Any CPU
		{115993DF-4F27-461A-B955-2E0EE9CEB6BF}.Release|Any CPU.Build.0 = Release|Any CPU
		{D6E27CEB-84C9-453E-84FC-9E0755AA33E9}.Debug|Any CPU.ActiveCfg = Debug|Any CPU
		{D6E27CEB-84C9-453E-84FC-9E0755AA33E9}.Debug|Any CPU.Build.0 = Debug|Any CPU
		{D6E27CEB-84C9-453E-84FC-9E0755AA33E9}.Release|Any CPU.ActiveCfg = Release|Any CPU
		{D6E27CEB-84C9-453E-84FC-9E0755AA33E9}.Release|Any CPU.Build.0 = Release|Any CPU
		{0D0082E3-8184-469D-8624-DA84FA908CBC}.Debug|Any CPU.ActiveCfg = Debug|Any CPU
		{0D0082E3-8184-469D-8624-DA84FA908CBC}.Debug|Any CPU.Build.0 = Debug|Any CPU
		{0D0082E3-8184-469D-8624-DA84FA908CBC}.Release|Any CPU.ActiveCfg = Release|Any CPU
		{0D0082E3-8184-469D-8624-DA84FA908CBC}.Release|Any CPU.Build.0 = Release|Any CPU
		{D225B593-B6FA-40A9-BC18-3BE14689207E}.Debug|Any CPU.ActiveCfg = Debug|Any CPU
		{D225B593-B6FA-40A9-BC18-3BE14689207E}.Debug|Any CPU.Build.0 = Debug|Any CPU
		{D225B593-B6FA-40A9-BC18-3BE14689207E}.Release|Any CPU.ActiveCfg = Release|Any CPU
		{D225B593-B6FA-40A9-BC18-3BE14689207E}.Release|Any CPU.Build.0 = Release|Any CPU
		{712C4641-9C41-4AC9-88B0-DA192898BEFC}.Debug|Any CPU.ActiveCfg = Debug|Any CPU
		{712C4641-9C41-4AC9-88B0-DA192898BEFC}.Debug|Any CPU.Build.0 = Debug|Any CPU
		{712C4641-9C41-4AC9-88B0-DA192898BEFC}.Release|Any CPU.ActiveCfg = Release|Any CPU
		{712C4641-9C41-4AC9-88B0-DA192898BEFC}.Release|Any CPU.Build.0 = Release|Any CPU
	EndGlobalSection
	GlobalSection(SolutionProperties) = preSolution
		HideSolutionNode = FALSE
	EndGlobalSection
	GlobalSection(ExtensibilityGlobals) = postSolution
		SolutionGuid = {5450D935-9CE2-4ED4-AAAD-25CB413C1FFA}
	EndGlobalSection
EndGlobal
