
Microsoft Visual Studio Solution File, Format Version 12.00
# Visual Studio 15
VisualStudioVersion = 15.0.28307.489
MinimumVisualStudioVersion = 10.0.40219.1
Project("{FAE04EC0-301F-11D3-BF4B-00C04F79EFBC}") = "Demo.cs", "Demo.cs.csproj", "{F1F8CD83-C513-4CAD-931A-44E3DA8B6821}"
EndProject
Global
	GlobalSection(SolutionConfigurationPlatforms) = preSolution
		Debug|Any CPU = Debug|Any CPU
		Release|Any CPU = Release|Any CPU
	EndGlobalSection
	GlobalSection(ProjectConfigurationPlatforms) = postSolution
		{F1F8CD83-C513-4CAD-931A-44E3DA8B6821}.Debug|Any CPU.ActiveCfg = Debug|Any CPU
		{F1F8CD83-C513-4CAD-931A-44E3DA8B6821}.Debug|Any CPU.Build.0 = Debug|Any CPU
		{F1F8CD83-C513-4CAD-931A-44E3DA8B6821}.Release|Any CPU.ActiveCfg = Release|Any CPU
		{F1F8CD83-C513-4CAD-931A-44E3DA8B6821}.Release|Any CPU.Build.0 = Release|Any CPU
	EndGlobalSection
	GlobalSection(SolutionProperties) = preSolution
		HideSolutionNode = FALSE
	EndGlobalSection
	GlobalSection(ExtensibilityGlobals) = postSolution
		SolutionGuid = {B817592E-B146-4517-A814-3BE4BE8D884F}
	EndGlobalSection
EndGlobal
