
Microsoft Visual Studio Solution File, Format Version 12.00
# Visual Studio 15
VisualStudioVersion = 15.0.28307.539
MinimumVisualStudioVersion = 10.0.40219.1
Project("{FAE04EC0-301F-11D3-BF4B-00C04F79EFBC}") = "PHN_Presentation", "PHN_Presentation.csproj", "{D70D6624-30E6-4384-89EB-7FCDE81A2464}"
EndProject
Project("{FAE04EC0-301F-11D3-BF4B-00C04F79EFBC}") = "PHN_Entity", "..\PHN_Entity\PHN_Entity.csproj", "{C51DBB3C-3E2B-45DB-908D-F7FF25430B45}"
EndProject
Project("{FAE04EC0-301F-11D3-BF4B-00C04F79EFBC}") = "PHN_DAL", "PHN_DAL\PHN_DAL.csproj", "{6E4515BD-065D-4E7F-A230-85D0BC6CCC61}"
EndProject
Project("{FAE04EC0-301F-11D3-BF4B-00C04F79EFBC}") = "PHN_Exception", "PHN_Exception\PHN_Exception.csproj", "{9B511546-1169-4213-8D02-60B4BDE0BE2F}"
EndProject
Project("{FAE04EC0-301F-11D3-BF4B-00C04F79EFBC}") = "PHN_BLL", "..\PHN_BLL\PHN_BLL.csproj", "{828C0593-D0BC-42C5-BB74-40CADE33EFFC}"
EndProject
Global
	GlobalSection(SolutionConfigurationPlatforms) = preSolution
		Debug|Any CPU = Debug|Any CPU
		Release|Any CPU = Release|Any CPU
	EndGlobalSection
	GlobalSection(ProjectConfigurationPlatforms) = postSolution
		{D70D6624-30E6-4384-89EB-7FCDE81A2464}.Debug|Any CPU.ActiveCfg = Debug|Any CPU
		{D70D6624-30E6-4384-89EB-7FCDE81A2464}.Debug|Any CPU.Build.0 = Debug|Any CPU
		{D70D6624-30E6-4384-89EB-7FCDE81A2464}.Release|Any CPU.ActiveCfg = Release|Any CPU
		{D70D6624-30E6-4384-89EB-7FCDE81A2464}.Release|Any CPU.Build.0 = Release|Any CPU
		{C51DBB3C-3E2B-45DB-908D-F7FF25430B45}.Debug|Any CPU.ActiveCfg = Debug|Any CPU
		{C51DBB3C-3E2B-45DB-908D-F7FF25430B45}.Debug|Any CPU.Build.0 = Debug|Any CPU
		{C51DBB3C-3E2B-45DB-908D-F7FF25430B45}.Release|Any CPU.ActiveCfg = Release|Any CPU
		{C51DBB3C-3E2B-45DB-908D-F7FF25430B45}.Release|Any CPU.Build.0 = Release|Any CPU
		{6E4515BD-065D-4E7F-A230-85D0BC6CCC61}.Debug|Any CPU.ActiveCfg = Debug|Any CPU
		{6E4515BD-065D-4E7F-A230-85D0BC6CCC61}.Debug|Any CPU.Build.0 = Debug|Any CPU
		{6E4515BD-065D-4E7F-A230-85D0BC6CCC61}.Release|Any CPU.ActiveCfg = Release|Any CPU
		{6E4515BD-065D-4E7F-A230-85D0BC6CCC61}.Release|Any CPU.Build.0 = Release|Any CPU
		{9B511546-1169-4213-8D02-60B4BDE0BE2F}.Debug|Any CPU.ActiveCfg = Debug|Any CPU
		{9B511546-1169-4213-8D02-60B4BDE0BE2F}.Debug|Any CPU.Build.0 = Debug|Any CPU
		{9B511546-1169-4213-8D02-60B4BDE0BE2F}.Release|Any CPU.ActiveCfg = Release|Any CPU
		{9B511546-1169-4213-8D02-60B4BDE0BE2F}.Release|Any CPU.Build.0 = Release|Any CPU
		{828C0593-D0BC-42C5-BB74-40CADE33EFFC}.Debug|Any CPU.ActiveCfg = Debug|Any CPU
		{828C0593-D0BC-42C5-BB74-40CADE33EFFC}.Debug|Any CPU.Build.0 = Debug|Any CPU
		{828C0593-D0BC-42C5-BB74-40CADE33EFFC}.Release|Any CPU.ActiveCfg = Release|Any CPU
		{828C0593-D0BC-42C5-BB74-40CADE33EFFC}.Release|Any CPU.Build.0 = Release|Any CPU
	EndGlobalSection
	GlobalSection(SolutionProperties) = preSolution
		HideSolutionNode = FALSE
	EndGlobalSection
	GlobalSection(ExtensibilityGlobals) = postSolution
		SolutionGuid = {F26BF732-3986-4FED-A8CB-86B468D9C3F5}
	EndGlobalSection
EndGlobal
