
Microsoft Visual Studio Solution File, Format Version 12.00
# Visual Studio 15
VisualStudioVersion = 15.0.28307.572
MinimumVisualStudioVersion = 10.0.40219.1
Project("{FAE04EC0-301F-11D3-BF4B-00C04F79EFBC}") = "BookWebApiDemo", "BookWebApiDemo\BookWebApiDemo.csproj", "{429E3673-A88E-4296-BC35-CAA74A40CF9C}"
EndProject
Project("{FAE04EC0-301F-11D3-BF4B-00C04F79EFBC}") = "BookWebApiClient", "BookWebApiClient\BookWebApiClient.csproj", "{CE7CF315-DC45-4D46-A735-EB304979EA0B}"
EndProject
Global
	GlobalSection(SolutionConfigurationPlatforms) = preSolution
		Debug|Any CPU = Debug|Any CPU
		Release|Any CPU = Release|Any CPU
	EndGlobalSection
	GlobalSection(ProjectConfigurationPlatforms) = postSolution
		{429E3673-A88E-4296-BC35-CAA74A40CF9C}.Debug|Any CPU.ActiveCfg = Debug|Any CPU
		{429E3673-A88E-4296-BC35-CAA74A40CF9C}.Debug|Any CPU.Build.0 = Debug|Any CPU
		{429E3673-A88E-4296-BC35-CAA74A40CF9C}.Release|Any CPU.ActiveCfg = Release|Any CPU
		{429E3673-A88E-4296-BC35-CAA74A40CF9C}.Release|Any CPU.Build.0 = Release|Any CPU
		{CE7CF315-DC45-4D46-A735-EB304979EA0B}.Debug|Any CPU.ActiveCfg = Debug|Any CPU
		{CE7CF315-DC45-4D46-A735-EB304979EA0B}.Debug|Any CPU.Build.0 = Debug|Any CPU
		{CE7CF315-DC45-4D46-A735-EB304979EA0B}.Release|Any CPU.ActiveCfg = Release|Any CPU
		{CE7CF315-DC45-4D46-A735-EB304979EA0B}.Release|Any CPU.Build.0 = Release|Any CPU
	EndGlobalSection
	GlobalSection(SolutionProperties) = preSolution
		HideSolutionNode = FALSE
	EndGlobalSection
	GlobalSection(ExtensibilityGlobals) = postSolution
		SolutionGuid = {CB1CD046-6206-476E-9890-1AC4E92F0FBB}
	EndGlobalSection
EndGlobal
