
Microsoft Visual Studio Solution File, Format Version 12.00
# Visual Studio 15
VisualStudioVersion = 15.0.28307.572
MinimumVisualStudioVersion = 10.0.40219.1
Project("{FAE04EC0-301F-11D3-BF4B-00C04F79EFBC}") = "EmployWebApiDemo", "EmployWebApiDemo\EmployWebApiDemo.csproj", "{8BEDD0A5-B67B-4479-A0F2-C39E34C9D361}"
EndProject
Project("{FAE04EC0-301F-11D3-BF4B-00C04F79EFBC}") = "EmployWebApiClientDemo", "EmployWebApiClientDemo\EmployWebApiClientDemo.csproj", "{8648CF63-76B0-4B79-9B11-29E1F908CE4D}"
EndProject
Global
	GlobalSection(SolutionConfigurationPlatforms) = preSolution
		Debug|Any CPU = Debug|Any CPU
		Release|Any CPU = Release|Any CPU
	EndGlobalSection
	GlobalSection(ProjectConfigurationPlatforms) = postSolution
		{8BEDD0A5-B67B-4479-A0F2-C39E34C9D361}.Debug|Any CPU.ActiveCfg = Debug|Any CPU
		{8BEDD0A5-B67B-4479-A0F2-C39E34C9D361}.Debug|Any CPU.Build.0 = Debug|Any CPU
		{8BEDD0A5-B67B-4479-A0F2-C39E34C9D361}.Release|Any CPU.ActiveCfg = Release|Any CPU
		{8BEDD0A5-B67B-4479-A0F2-C39E34C9D361}.Release|Any CPU.Build.0 = Release|Any CPU
		{8648CF63-76B0-4B79-9B11-29E1F908CE4D}.Debug|Any CPU.ActiveCfg = Debug|Any CPU
		{8648CF63-76B0-4B79-9B11-29E1F908CE4D}.Debug|Any CPU.Build.0 = Debug|Any CPU
		{8648CF63-76B0-4B79-9B11-29E1F908CE4D}.Release|Any CPU.ActiveCfg = Release|Any CPU
		{8648CF63-76B0-4B79-9B11-29E1F908CE4D}.Release|Any CPU.Build.0 = Release|Any CPU
	EndGlobalSection
	GlobalSection(SolutionProperties) = preSolution
		HideSolutionNode = FALSE
	EndGlobalSection
	GlobalSection(ExtensibilityGlobals) = postSolution
		SolutionGuid = {F70FDA2A-4435-41CA-9C5F-19E7F8B9784D}
	EndGlobalSection
EndGlobal
