
Microsoft Visual Studio Solution File, Format Version 12.00
# Visual Studio 15
VisualStudioVersion = 15.0.28307.489
MinimumVisualStudioVersion = 10.0.40219.1
Project("{FAE04EC0-301F-11D3-BF4B-00C04F79EFBC}") = "labrecord7", "labrecord7.csproj", "{8F4D29B1-06C4-414A-B99B-7A729AC79699}"
EndProject
Project("{FAE04EC0-301F-11D3-BF4B-00C04F79EFBC}") = "labrecrdday7", "..\labrecrdday7\labrecrdday7.csproj", "{9BA1EE37-118D-4B1D-8210-8A5FF5348B8D}"
EndProject
Global
	GlobalSection(SolutionConfigurationPlatforms) = preSolution
		Debug|Any CPU = Debug|Any CPU
		Release|Any CPU = Release|Any CPU
	EndGlobalSection
	GlobalSection(ProjectConfigurationPlatforms) = postSolution
		{8F4D29B1-06C4-414A-B99B-7A729AC79699}.Debug|Any CPU.ActiveCfg = Debug|Any CPU
		{8F4D29B1-06C4-414A-B99B-7A729AC79699}.Debug|Any CPU.Build.0 = Debug|Any CPU
		{8F4D29B1-06C4-414A-B99B-7A729AC79699}.Release|Any CPU.ActiveCfg = Release|Any CPU
		{8F4D29B1-06C4-414A-B99B-7A729AC79699}.Release|Any CPU.Build.0 = Release|Any CPU
		{9BA1EE37-118D-4B1D-8210-8A5FF5348B8D}.Debug|Any CPU.ActiveCfg = Debug|Any CPU
		{9BA1EE37-118D-4B1D-8210-8A5FF5348B8D}.Debug|Any CPU.Build.0 = Debug|Any CPU
		{9BA1EE37-118D-4B1D-8210-8A5FF5348B8D}.Release|Any CPU.ActiveCfg = Release|Any CPU
		{9BA1EE37-118D-4B1D-8210-8A5FF5348B8D}.Release|Any CPU.Build.0 = Release|Any CPU
	EndGlobalSection
	GlobalSection(SolutionProperties) = preSolution
		HideSolutionNode = FALSE
	EndGlobalSection
	GlobalSection(ExtensibilityGlobals) = postSolution
		SolutionGuid = {A589F3F6-D0C9-45F8-934C-5EB08D8242BE}
	EndGlobalSection
EndGlobal
