
Microsoft Visual Studio Solution File, Format Version 12.00
# Visual Studio 15
VisualStudioVersion = 15.0.28307.489
MinimumVisualStudioVersion = 10.0.40219.1
Project("{FAE04EC0-301F-11D3-BF4B-00C04F79EFBC}") = "clsCalc", "clsCalc.csproj", "{7F402CA0-5717-44A4-8533-60F040857D9A}"
EndProject
Project("{FAE04EC0-301F-11D3-BF4B-00C04F79EFBC}") = "Program.cs", "..\Program.cs\Program.cs.csproj", "{2E66A3BA-9EE5-45EB-A442-F1F992277B7B}"
EndProject
Project("{FAE04EC0-301F-11D3-BF4B-00C04F79EFBC}") = "Clientprog", "Clientprog\Clientprog.csproj", "{84C73016-AEA2-40E1-8A4E-1B8027AA2911}"
EndProject
Global
	GlobalSection(SolutionConfigurationPlatforms) = preSolution
		Debug|Any CPU = Debug|Any CPU
		Release|Any CPU = Release|Any CPU
	EndGlobalSection
	GlobalSection(ProjectConfigurationPlatforms) = postSolution
		{7F402CA0-5717-44A4-8533-60F040857D9A}.Debug|Any CPU.ActiveCfg = Debug|Any CPU
		{7F402CA0-5717-44A4-8533-60F040857D9A}.Debug|Any CPU.Build.0 = Debug|Any CPU
		{7F402CA0-5717-44A4-8533-60F040857D9A}.Release|Any CPU.ActiveCfg = Release|Any CPU
		{7F402CA0-5717-44A4-8533-60F040857D9A}.Release|Any CPU.Build.0 = Release|Any CPU
		{2E66A3BA-9EE5-45EB-A442-F1F992277B7B}.Debug|Any CPU.ActiveCfg = Debug|Any CPU
		{2E66A3BA-9EE5-45EB-A442-F1F992277B7B}.Debug|Any CPU.Build.0 = Debug|Any CPU
		{2E66A3BA-9EE5-45EB-A442-F1F992277B7B}.Release|Any CPU.ActiveCfg = Release|Any CPU
		{2E66A3BA-9EE5-45EB-A442-F1F992277B7B}.Release|Any CPU.Build.0 = Release|Any CPU
		{84C73016-AEA2-40E1-8A4E-1B8027AA2911}.Debug|Any CPU.ActiveCfg = Debug|Any CPU
		{84C73016-AEA2-40E1-8A4E-1B8027AA2911}.Debug|Any CPU.Build.0 = Debug|Any CPU
		{84C73016-AEA2-40E1-8A4E-1B8027AA2911}.Release|Any CPU.ActiveCfg = Release|Any CPU
		{84C73016-AEA2-40E1-8A4E-1B8027AA2911}.Release|Any CPU.Build.0 = Release|Any CPU
	EndGlobalSection
	GlobalSection(SolutionProperties) = preSolution
		HideSolutionNode = FALSE
	EndGlobalSection
	GlobalSection(ExtensibilityGlobals) = postSolution
		SolutionGuid = {EA755EC5-1AB6-4F47-928C-E6520D1E77AD}
	EndGlobalSection
EndGlobal
