
Microsoft Visual Studio Solution File, Format Version 12.00
# Visual Studio 15
VisualStudioVersion = 15.0.28307.489
MinimumVisualStudioVersion = 10.0.40219.1
Project("{FAE04EC0-301F-11D3-BF4B-00C04F79EFBC}") = "Lamda1", "Lamda1.csproj", "{1CB4246B-58F4-4DA5-A4AE-62DBE1A7DBB8}"
EndProject
Project("{FAE04EC0-301F-11D3-BF4B-00C04F79EFBC}") = "Lamdadb", "..\Lamdadb\Lamdadb.csproj", "{73D0D093-38BA-40D3-8C6E-2C213B08FF25}"
EndProject
Global
	GlobalSection(SolutionConfigurationPlatforms) = preSolution
		Debug|Any CPU = Debug|Any CPU
		Release|Any CPU = Release|Any CPU
	EndGlobalSection
	GlobalSection(ProjectConfigurationPlatforms) = postSolution
		{1CB4246B-58F4-4DA5-A4AE-62DBE1A7DBB8}.Debug|Any CPU.ActiveCfg = Debug|Any CPU
		{1CB4246B-58F4-4DA5-A4AE-62DBE1A7DBB8}.Debug|Any CPU.Build.0 = Debug|Any CPU
		{1CB4246B-58F4-4DA5-A4AE-62DBE1A7DBB8}.Release|Any CPU.ActiveCfg = Release|Any CPU
		{1CB4246B-58F4-4DA5-A4AE-62DBE1A7DBB8}.Release|Any CPU.Build.0 = Release|Any CPU
		{73D0D093-38BA-40D3-8C6E-2C213B08FF25}.Debug|Any CPU.ActiveCfg = Debug|Any CPU
		{73D0D093-38BA-40D3-8C6E-2C213B08FF25}.Debug|Any CPU.Build.0 = Debug|Any CPU
		{73D0D093-38BA-40D3-8C6E-2C213B08FF25}.Release|Any CPU.ActiveCfg = Release|Any CPU
		{73D0D093-38BA-40D3-8C6E-2C213B08FF25}.Release|Any CPU.Build.0 = Release|Any CPU
	EndGlobalSection
	GlobalSection(SolutionProperties) = preSolution
		HideSolutionNode = FALSE
	EndGlobalSection
	GlobalSection(ExtensibilityGlobals) = postSolution
		SolutionGuid = {A79414D0-2429-405C-BF47-05BE53227AE0}
	EndGlobalSection
EndGlobal
