
Microsoft Visual Studio Solution File, Format Version 12.00
# Visual Studio 15
VisualStudioVersion = 15.0.28307.489
MinimumVisualStudioVersion = 10.0.40219.1
Project("{FAE04EC0-301F-11D3-BF4B-00C04F79EFBC}") = "labrecord 8", "labrecord 8.csproj", "{67279844-D557-4DC6-9227-90689AE79CF2}"
EndProject
Global
	GlobalSection(SolutionConfigurationPlatforms) = preSolution
		Debug|Any CPU = Debug|Any CPU
		Release|Any CPU = Release|Any CPU
	EndGlobalSection
	GlobalSection(ProjectConfigurationPlatforms) = postSolution
		{67279844-D557-4DC6-9227-90689AE79CF2}.Debug|Any CPU.ActiveCfg = Debug|Any CPU
		{67279844-D557-4DC6-9227-90689AE79CF2}.Debug|Any CPU.Build.0 = Debug|Any CPU
		{67279844-D557-4DC6-9227-90689AE79CF2}.Release|Any CPU.ActiveCfg = Release|Any CPU
		{67279844-D557-4DC6-9227-90689AE79CF2}.Release|Any CPU.Build.0 = Release|Any CPU
	EndGlobalSection
	GlobalSection(SolutionProperties) = preSolution
		HideSolutionNode = FALSE
	EndGlobalSection
	GlobalSection(ExtensibilityGlobals) = postSolution
		SolutionGuid = {A8F2F1EB-0FE9-4085-B003-144C7EF99F3E}
	EndGlobalSection
EndGlobal
