
Microsoft Visual Studio Solution File, Format Version 12.00
# Visual Studio 15
VisualStudioVersion = 15.0.28307.489
MinimumVisualStudioVersion = 10.0.40219.1
Project("{FAE04EC0-301F-11D3-BF4B-00C04F79EFBC}") = "Form1", "Form1.csproj", "{87194E2D-D8B1-408B-AC66-B27F37A45D55}"
EndProject
Global
	GlobalSection(SolutionConfigurationPlatforms) = preSolution
		Debug|Any CPU = Debug|Any CPU
		Release|Any CPU = Release|Any CPU
	EndGlobalSection
	GlobalSection(ProjectConfigurationPlatforms) = postSolution
		{87194E2D-D8B1-408B-AC66-B27F37A45D55}.Debug|Any CPU.ActiveCfg = Debug|Any CPU
		{87194E2D-D8B1-408B-AC66-B27F37A45D55}.Debug|Any CPU.Build.0 = Debug|Any CPU
		{87194E2D-D8B1-408B-AC66-B27F37A45D55}.Release|Any CPU.ActiveCfg = Release|Any CPU
		{87194E2D-D8B1-408B-AC66-B27F37A45D55}.Release|Any CPU.Build.0 = Release|Any CPU
	EndGlobalSection
	GlobalSection(SolutionProperties) = preSolution
		HideSolutionNode = FALSE
	EndGlobalSection
	GlobalSection(ExtensibilityGlobals) = postSolution
		SolutionGuid = {8EB74DC5-3BE7-4CC9-B206-03F162BCFAD2}
	EndGlobalSection
EndGlobal
