
Microsoft Visual Studio Solution File, Format Version 12.00
# Visual Studio 15
VisualStudioVersion = 15.0.28307.489
MinimumVisualStudioVersion = 10.0.40219.1
Project("{FAE04EC0-301F-11D3-BF4B-00C04F79EFBC}") = "WpfApp1", "WpfApp1.csproj", "{BDF625B6-938E-4A57-B6D1-F00B96D3F802}"
EndProject
Global
	GlobalSection(SolutionConfigurationPlatforms) = preSolution
		Debug|Any CPU = Debug|Any CPU
		Release|Any CPU = Release|Any CPU
	EndGlobalSection
	GlobalSection(ProjectConfigurationPlatforms) = postSolution
		{BDF625B6-938E-4A57-B6D1-F00B96D3F802}.Debug|Any CPU.ActiveCfg = Debug|Any CPU
		{BDF625B6-938E-4A57-B6D1-F00B96D3F802}.Debug|Any CPU.Build.0 = Debug|Any CPU
		{BDF625B6-938E-4A57-B6D1-F00B96D3F802}.Release|Any CPU.ActiveCfg = Release|Any CPU
		{BDF625B6-938E-4A57-B6D1-F00B96D3F802}.Release|Any CPU.Build.0 = Release|Any CPU
	EndGlobalSection
	GlobalSection(SolutionProperties) = preSolution
		HideSolutionNode = FALSE
	EndGlobalSection
	GlobalSection(ExtensibilityGlobals) = postSolution
		SolutionGuid = {01BB426C-D56C-48B1-A70F-CF509CE7D6C8}
	EndGlobalSection
EndGlobal
